
Microsoft Visual Studio Solution File, Format Version 12.00
# Visual Studio Version 16
VisualStudioVersion = 16.0.28803.352
MinimumVisualStudioVersion = 10.0.40219.1
Project("{FAE04EC0-301F-11D3-BF4B-00C04F79EFBC}") = "SkiaUiKit.UWP", "SkiaUiKit\SkiaUiKit.UWP\SkiaUiKit.UWP.csproj", "{A08540E0-B708-44CF-AB29-838006DF0E96}"
EndProject
Project("{FAE04EC0-301F-11D3-BF4B-00C04F79EFBC}") = "SkiaUiKit.Android", "SkiaUiKit\SkiaUiKit.Android\SkiaUiKit.Android.csproj", "{3436D342-71FB-4F72-BAA0-7D78BC990630}"
EndProject
Project("{FAE04EC0-301F-11D3-BF4B-00C04F79EFBC}") = "SkiaUiKit.iOS", "SkiaUiKit\SkiaUiKit.iOS\SkiaUiKit.iOS.csproj", "{C1E8BE45-3E9D-4B5C-B4BE-87C4E02501D3}"
EndProject
Project("{FAE04EC0-301F-11D3-BF4B-00C04F79EFBC}") = "SkiaUiKit", "SkiaUiKit\SkiaUiKit\SkiaUiKit.csproj", "{1BCD70ED-F7B7-4D8D-8164-375E16B74067}"
EndProject
Global
	GlobalSection(SolutionConfigurationPlatforms) = preSolution
		Debug|Any CPU = Debug|Any CPU
		Debug|ARM = Debug|ARM
		Debug|iPhone = Debug|iPhone
		Debug|iPhoneSimulator = Debug|iPhoneSimulator
		Debug|x64 = Debug|x64
		Debug|x86 = Debug|x86
		Release|Any CPU = Release|Any CPU
		Release|ARM = Release|ARM
		Release|iPhone = Release|iPhone
		Release|iPhoneSimulator = Release|iPhoneSimulator
		Release|x64 = Release|x64
		Release|x86 = Release|x86
	EndGlobalSection
	GlobalSection(ProjectConfigurationPlatforms) = postSolution
		{A08540E0-B708-44CF-AB29-838006DF0E96}.Debug|Any CPU.ActiveCfg = Debug|x86
		{A08540E0-B708-44CF-AB29-838006DF0E96}.Debug|Any CPU.Build.0 = Debug|x86
		{A08540E0-B708-44CF-AB29-838006DF0E96}.Debug|Any CPU.Deploy.0 = Debug|x86
		{A08540E0-B708-44CF-AB29-838006DF0E96}.Debug|ARM.ActiveCfg = Debug|ARM
		{A08540E0-B708-44CF-AB29-838006DF0E96}.Debug|ARM.Build.0 = Debug|ARM
		{A08540E0-B708-44CF-AB29-838006DF0E96}.Debug|ARM.Deploy.0 = Debug|ARM
		{A08540E0-B708-44CF-AB29-838006DF0E96}.Debug|iPhone.ActiveCfg = Debug|x86
		{A08540E0-B708-44CF-AB29-838006DF0E96}.Debug|iPhone.Build.0 = Debug|x86
		{A08540E0-B708-44CF-AB29-838006DF0E96}.Debug|iPhone.Deploy.0 = Debug|x86
		{A08540E0-B708-44CF-AB29-838006DF0E96}.Debug|iPhoneSimulator.ActiveCfg = Debug|x86
		{A08540E0-B708-44CF-AB29-838006DF0E96}.Debug|iPhoneSimulator.Build.0 = Debug|x86
		{A08540E0-B708-44CF-AB29-838006DF0E96}.Debug|iPhoneSimulator.Deploy.0 = Debug|x86
		{A08540E0-B708-44CF-AB29-838006DF0E96}.Debug|x64.ActiveCfg = Debug|x64
		{A08540E0-B708-44CF-AB29-838006DF0E96}.Debug|x64.Build.0 = Debug|x64
		{A08540E0-B708-44CF-AB29-838006DF0E96}.Debug|x64.Deploy.0 = Debug|x64
		{A08540E0-B708-44CF-AB29-838006DF0E96}.Debug|x86.ActiveCfg = Debug|x86
		{A08540E0-B708-44CF-AB29-838006DF0E96}.Debug|x86.Build.0 = Debug|x86
		{A08540E0-B708-44CF-AB29-838006DF0E96}.Debug|x86.Deploy.0 = Debug|x86
		{A08540E0-B708-44CF-AB29-838006DF0E96}.Release|Any CPU.ActiveCfg = Release|x86
		{A08540E0-B708-44CF-AB29-838006DF0E96}.Release|Any CPU.Build.0 = Release|x86
		{A08540E0-B708-44CF-AB29-838006DF0E96}.Release|Any CPU.Deploy.0 = Release|x86
		{A08540E0-B708-44CF-AB29-838006DF0E96}.Release|ARM.ActiveCfg = Release|ARM
		{A08540E0-B708-44CF-AB29-838006DF0E96}.Release|ARM.Build.0 = Release|ARM
		{A08540E0-B708-44CF-AB29-838006DF0E96}.Release|ARM.Deploy.0 = Release|ARM
		{A08540E0-B708-44CF-AB29-838006DF0E96}.Release|iPhone.ActiveCfg = Release|x86
		{A08540E0-B708-44CF-AB29-838006DF0E96}.Release|iPhone.Build.0 = Release|x86
		{A08540E0-B708-44CF-AB29-838006DF0E96}.Release|iPhone.Deploy.0 = Release|x86
		{A08540E0-B708-44CF-AB29-838006DF0E96}.Release|iPhoneSimulator.ActiveCfg = Release|x86
		{A08540E0-B708-44CF-AB29-838006DF0E96}.Release|iPhoneSimulator.Build.0 = Release|x86
		{A08540E0-B708-44CF-AB29-838006DF0E96}.Release|iPhoneSimulator.Deploy.0 = Release|x86
		{A08540E0-B708-44CF-AB29-838006DF0E96}.Release|x64.ActiveCfg = Release|x64
		{A08540E0-B708-44CF-AB29-838006DF0E96}.Release|x64.Build.0 = Release|x64
		{A08540E0-B708-44CF-AB29-838006DF0E96}.Release|x64.Deploy.0 = Release|x64
		{A08540E0-B708-44CF-AB29-838006DF0E96}.Release|x86.ActiveCfg = Release|x86
		{A08540E0-B708-44CF-AB29-838006DF0E96}.Release|x86.Build.0 = Release|x86
		{A08540E0-B708-44CF-AB29-838006DF0E96}.Release|x86.Deploy.0 = Release|x86
		{3436D342-71FB-4F72-BAA0-7D78BC990630}.Debug|Any CPU.ActiveCfg = Debug|Any CPU
		{3436D342-71FB-4F72-BAA0-7D78BC990630}.Debug|Any CPU.Build.0 = Debug|Any CPU
		{3436D342-71FB-4F72-BAA0-7D78BC990630}.Debug|Any CPU.Deploy.0 = Debug|Any CPU
		{3436D342-71FB-4F72-BAA0-7D78BC990630}.Debug|ARM.ActiveCfg = Debug|Any CPU
		{3436D342-71FB-4F72-BAA0-7D78BC990630}.Debug|ARM.Build.0 = Debug|Any CPU
		{3436D342-71FB-4F72-BAA0-7D78BC990630}.Debug|ARM.Deploy.0 = Debug|Any CPU
		{3436D342-71FB-4F72-BAA0-7D78BC990630}.Debug|iPhone.ActiveCfg = Debug|Any CPU
		{3436D342-71FB-4F72-BAA0-7D78BC990630}.Debug|iPhone.Build.0 = Debug|Any CPU
		{3436D342-71FB-4F72-BAA0-7D78BC990630}.Debug|iPhone.Deploy.0 = Debug|Any CPU
		{3436D342-71FB-4F72-BAA0-7D78BC990630}.Debug|iPhoneSimulator.ActiveCfg = Debug|Any CPU
		{3436D342-71FB-4F72-BAA0-7D78BC990630}.Debug|iPhoneSimulator.Build.0 = Debug|Any CPU
		{3436D342-71FB-4F72-BAA0-7D78BC990630}.Debug|iPhoneSimulator.Deploy.0 = Debug|Any CPU
		{3436D342-71FB-4F72-BAA0-7D78BC990630}.Debug|x64.ActiveCfg = Debug|Any CPU
		{3436D342-71FB-4F72-BAA0-7D78BC990630}.Debug|x64.Build.0 = Debug|Any CPU
		{3436D342-71FB-4F72-BAA0-7D78BC990630}.Debug|x64.Deploy.0 = Debug|Any CPU
		{3436D342-71FB-4F72-BAA0-7D78BC990630}.Debug|x86.ActiveCfg = Debug|Any CPU
		{3436D342-71FB-4F72-BAA0-7D78BC990630}.Debug|x86.Build.0 = Debug|Any CPU
		{3436D342-71FB-4F72-BAA0-7D78BC990630}.Debug|x86.Deploy.0 = Debug|Any CPU
		{3436D342-71FB-4F72-BAA0-7D78BC990630}.Release|Any CPU.ActiveCfg = Release|Any CPU
		{3436D342-71FB-4F72-BAA0-7D78BC990630}.Release|Any CPU.Build.0 = Release|Any CPU
		{3436D342-71FB-4F72-BAA0-7D78BC990630}.Release|Any CPU.Deploy.0 = Release|Any CPU
		{3436D342-71FB-4F72-BAA0-7D78BC990630}.Release|ARM.ActiveCfg = Release|Any CPU
		{3436D342-71FB-4F72-BAA0-7D78BC990630}.Release|ARM.Build.0 = Release|Any CPU
		{3436D342-71FB-4F72-BAA0-7D78BC990630}.Release|ARM.Deploy.0 = Release|Any CPU
		{3436D342-71FB-4F72-BAA0-7D78BC990630}.Release|iPhone.ActiveCfg = Release|Any CPU
		{3436D342-71FB-4F72-BAA0-7D78BC990630}.Release|iPhone.Build.0 = Release|Any CPU
		{3436D342-71FB-4F72-BAA0-7D78BC990630}.Release|iPhone.Deploy.0 = Release|Any CPU
		{3436D342-71FB-4F72-BAA0-7D78BC990630}.Release|iPhoneSimulator.ActiveCfg = Release|Any CPU
		{3436D342-71FB-4F72-BAA0-7D78BC990630}.Release|iPhoneSimulator.Build.0 = Release|Any CPU
		{3436D342-71FB-4F72-BAA0-7D78BC990630}.Release|iPhoneSimulator.Deploy.0 = Release|Any CPU
		{3436D342-71FB-4F72-BAA0-7D78BC990630}.Release|x64.ActiveCfg = Release|Any CPU
		{3436D342-71FB-4F72-BAA0-7D78BC990630}.Release|x64.Build.0 = Release|Any CPU
		{3436D342-71FB-4F72-BAA0-7D78BC990630}.Release|x64.Deploy.0 = Release|Any CPU
		{3436D342-71FB-4F72-BAA0-7D78BC990630}.Release|x86.ActiveCfg = Release|Any CPU
		{3436D342-71FB-4F72-BAA0-7D78BC990630}.Release|x86.Build.0 = Release|Any CPU
		{3436D342-71FB-4F72-BAA0-7D78BC990630}.Release|x86.Deploy.0 = Release|Any CPU
		{C1E8BE45-3E9D-4B5C-B4BE-87C4E02501D3}.Debug|Any CPU.ActiveCfg = Debug|iPhone
		{C1E8BE45-3E9D-4B5C-B4BE-87C4E02501D3}.Debug|Any CPU.Build.0 = Debug|iPhone
		{C1E8BE45-3E9D-4B5C-B4BE-87C4E02501D3}.Debug|Any CPU.Deploy.0 = Debug|iPhone
		{C1E8BE45-3E9D-4B5C-B4BE-87C4E02501D3}.Debug|ARM.ActiveCfg = Debug|iPhoneSimulator
		{C1E8BE45-3E9D-4B5C-B4BE-87C4E02501D3}.Debug|ARM.Build.0 = Debug|iPhoneSimulator
		{C1E8BE45-3E9D-4B5C-B4BE-87C4E02501D3}.Debug|ARM.Deploy.0 = Debug|iPhoneSimulator
		{C1E8BE45-3E9D-4B5C-B4BE-87C4E02501D3}.Debug|iPhone.ActiveCfg = Debug|iPhone
		{C1E8BE45-3E9D-4B5C-B4BE-87C4E02501D3}.Debug|iPhone.Build.0 = Debug|iPhone
		{C1E8BE45-3E9D-4B5C-B4BE-87C4E02501D3}.Debug|iPhone.Deploy.0 = Debug|iPhone
		{C1E8BE45-3E9D-4B5C-B4BE-87C4E02501D3}.Debug|iPhoneSimulator.ActiveCfg = Debug|iPhoneSimulator
		{C1E8BE45-3E9D-4B5C-B4BE-87C4E02501D3}.Debug|iPhoneSimulator.Build.0 = Debug|iPhoneSimulator
		{C1E8BE45-3E9D-4B5C-B4BE-87C4E02501D3}.Debug|iPhoneSimulator.Deploy.0 = Debug|iPhoneSimulator
		{C1E8BE45-3E9D-4B5C-B4BE-87C4E02501D3}.Debug|x64.ActiveCfg = Debug|iPhone
		{C1E8BE45-3E9D-4B5C-B4BE-87C4E02501D3}.Debug|x64.Build.0 = Debug|iPhone
		{C1E8BE45-3E9D-4B5C-B4BE-87C4E02501D3}.Debug|x64.Deploy.0 = Debug|iPhone
		{C1E8BE45-3E9D-4B5C-B4BE-87C4E02501D3}.Debug|x86.ActiveCfg = Debug|iPhone
		{C1E8BE45-3E9D-4B5C-B4BE-87C4E02501D3}.Debug|x86.Build.0 = Debug|iPhone
		{C1E8BE45-3E9D-4B5C-B4BE-87C4E02501D3}.Debug|x86.Deploy.0 = Debug|iPhone
		{C1E8BE45-3E9D-4B5C-B4BE-87C4E02501D3}.Release|Any CPU.ActiveCfg = Release|iPhone
		{C1E8BE45-3E9D-4B5C-B4BE-87C4E02501D3}.Release|Any CPU.Build.0 = Release|iPhone
		{C1E8BE45-3E9D-4B5C-B4BE-87C4E02501D3}.Release|Any CPU.Deploy.0 = Release|iPhone
		{C1E8BE45-3E9D-4B5C-B4BE-87C4E02501D3}.Release|ARM.ActiveCfg = Release|iPhone
		{C1E8BE45-3E9D-4B5C-B4BE-87C4E02501D3}.Release|ARM.Build.0 = Release|iPhone
		{C1E8BE45-3E9D-4B5C-B4BE-87C4E02501D3}.Release|ARM.Deploy.0 = Release|iPhone
		{C1E8BE45-3E9D-4B5C-B4BE-87C4E02501D3}.Release|iPhone.ActiveCfg = Release|iPhone
		{C1E8BE45-3E9D-4B5C-B4BE-87C4E02501D3}.Release|iPhone.Build.0 = Release|iPhone
		{C1E8BE45-3E9D-4B5C-B4BE-87C4E02501D3}.Release|iPhone.Deploy.0 = Release|iPhone
		{C1E8BE45-3E9D-4B5C-B4BE-87C4E02501D3}.Release|iPhoneSimulator.ActiveCfg = Release|iPhoneSimulator
		{C1E8BE45-3E9D-4B5C-B4BE-87C4E02501D3}.Release|iPhoneSimulator.Build.0 = Release|iPhoneSimulator
		{C1E8BE45-3E9D-4B5C-B4BE-87C4E02501D3}.Release|iPhoneSimulator.Deploy.0 = Release|iPhoneSimulator
		{C1E8BE45-3E9D-4B5C-B4BE-87C4E02501D3}.Release|x64.ActiveCfg = Release|iPhone
		{C1E8BE45-3E9D-4B5C-B4BE-87C4E02501D3}.Release|x64.Build.0 = Release|iPhone
		{C1E8BE45-3E9D-4B5C-B4BE-87C4E02501D3}.Release|x64.Deploy.0 = Release|iPhone
		{C1E8BE45-3E9D-4B5C-B4BE-87C4E02501D3}.Release|x86.ActiveCfg = Release|iPhone
		{C1E8BE45-3E9D-4B5C-B4BE-87C4E02501D3}.Release|x86.Build.0 = Release|iPhone
		{C1E8BE45-3E9D-4B5C-B4BE-87C4E02501D3}.Release|x86.Deploy.0 = Release|iPhone
		{1BCD70ED-F7B7-4D8D-8164-375E16B74067}.Debug|Any CPU.ActiveCfg = Debug|Any CPU
		{1BCD70ED-F7B7-4D8D-8164-375E16B74067}.Debug|Any CPU.Build.0 = Debug|Any CPU
		{1BCD70ED-F7B7-4D8D-8164-375E16B74067}.Debug|Any CPU.Deploy.0 = Debug|Any CPU
		{1BCD70ED-F7B7-4D8D-8164-375E16B74067}.Debug|ARM.ActiveCfg = Debug|Any CPU
		{1BCD70ED-F7B7-4D8D-8164-375E16B74067}.Debug|ARM.Build.0 = Debug|Any CPU
		{1BCD70ED-F7B7-4D8D-8164-375E16B74067}.Debug|ARM.Deploy.0 = Debug|Any CPU
		{1BCD70ED-F7B7-4D8D-8164-375E16B74067}.Debug|iPhone.ActiveCfg = Debug|Any CPU
		{1BCD70ED-F7B7-4D8D-8164-375E16B74067}.Debug|iPhone.Build.0 = Debug|Any CPU
		{1BCD70ED-F7B7-4D8D-8164-375E16B74067}.Debug|iPhone.Deploy.0 = Debug|Any CPU
		{1BCD70ED-F7B7-4D8D-8164-375E16B74067}.Debug|iPhoneSimulator.ActiveCfg = Debug|Any CPU
		{1BCD70ED-F7B7-4D8D-8164-375E16B74067}.Debug|iPhoneSimulator.Build.0 = Debug|Any CPU
		{1BCD70ED-F7B7-4D8D-8164-375E16B74067}.Debug|iPhoneSimulator.Deploy.0 = Debug|Any CPU
		{1BCD70ED-F7B7-4D8D-8164-375E16B74067}.Debug|x64.ActiveCfg = Debug|Any CPU
		{1BCD70ED-F7B7-4D8D-8164-375E16B74067}.Debug|x64.Build.0 = Debug|Any CPU
		{1BCD70ED-F7B7-4D8D-8164-375E16B74067}.Debug|x64.Deploy.0 = Debug|Any CPU
		{1BCD70ED-F7B7-4D8D-8164-375E16B74067}.Debug|x86.ActiveCfg = Debug|Any CPU
		{1BCD70ED-F7B7-4D8D-8164-375E16B74067}.Debug|x86.Build.0 = Debug|Any CPU
		{1BCD70ED-F7B7-4D8D-8164-375E16B74067}.Debug|x86.Deploy.0 = Debug|Any CPU
		{1BCD70ED-F7B7-4D8D-8164-375E16B74067}.Release|Any CPU.ActiveCfg = Release|Any CPU
		{1BCD70ED-F7B7-4D8D-8164-375E16B74067}.Release|Any CPU.Build.0 = Release|Any CPU
		{1BCD70ED-F7B7-4D8D-8164-375E16B74067}.Release|Any CPU.Deploy.0 = Release|Any CPU
		{1BCD70ED-F7B7-4D8D-8164-375E16B74067}.Release|ARM.ActiveCfg = Release|Any CPU
		{1BCD70ED-F7B7-4D8D-8164-375E16B74067}.Release|ARM.Build.0 = Release|Any CPU
		{1BCD70ED-F7B7-4D8D-8164-375E16B74067}.Release|ARM.Deploy.0 = Release|Any CPU
		{1BCD70ED-F7B7-4D8D-8164-375E16B74067}.Release|iPhone.ActiveCfg = Release|Any CPU
		{1BCD70ED-F7B7-4D8D-8164-375E16B74067}.Release|iPhone.Build.0 = Release|Any CPU
		{1BCD70ED-F7B7-4D8D-8164-375E16B74067}.Release|iPhone.Deploy.0 = Release|Any CPU
		{1BCD70ED-F7B7-4D8D-8164-375E16B74067}.Release|iPhoneSimulator.ActiveCfg = Release|Any CPU
		{1BCD70ED-F7B7-4D8D-8164-375E16B74067}.Release|iPhoneSimulator.Build.0 = Release|Any CPU
		{1BCD70ED-F7B7-4D8D-8164-375E16B74067}.Release|iPhoneSimulator.Deploy.0 = Release|Any CPU
		{1BCD70ED-F7B7-4D8D-8164-375E16B74067}.Release|x64.ActiveCfg = Release|Any CPU
		{1BCD70ED-F7B7-4D8D-8164-375E16B74067}.Release|x64.Build.0 = Release|Any CPU
		{1BCD70ED-F7B7-4D8D-8164-375E16B74067}.Release|x64.Deploy.0 = Release|Any CPU
		{1BCD70ED-F7B7-4D8D-8164-375E16B74067}.Release|x86.ActiveCfg = Release|Any CPU
		{1BCD70ED-F7B7-4D8D-8164-375E16B74067}.Release|x86.Build.0 = Release|Any CPU
		{1BCD70ED-F7B7-4D8D-8164-375E16B74067}.Release|x86.Deploy.0 = Release|Any CPU
	EndGlobalSection
	GlobalSection(SolutionProperties) = preSolution
		HideSolutionNode = FALSE
	EndGlobalSection
	GlobalSection(ExtensibilityGlobals) = postSolution
		SolutionGuid = {23C17549-1FEC-40E2-B67A-A0E37ADD1FA8}
	EndGlobalSection
EndGlobal
